// !$*UTF8*$!
{
	archiveVersion = 1;
	classes = {
	};
	objectVersion = 55;
	objects = {

/* Begin PBXBuildFile section */
		9CD3B32528B1517F006E296A /* AppDelegate.swift in Sources */ = {isa = PBXBuildFile; fileRef = 9CD3B32428B1517F006E296A /* AppDelegate.swift */; };
		9CD3B32728B1517F006E296A /* SceneDelegate.swift in Sources */ = {isa = PBXBuildFile; fileRef = 9CD3B32628B1517F006E296A /* SceneDelegate.swift */; };
		9CD3B32E28B15182006E296A /* Assets.xcassets in Resources */ = {isa = PBXBuildFile; fileRef = 9CD3B32D28B15182006E296A /* Assets.xcassets */; };
		9CD3B33128B15182006E296A /* LaunchScreen.storyboard in Resources */ = {isa = PBXBuildFile; fileRef = 9CD3B32F28B15182006E296A /* LaunchScreen.storyboard */; };
		9CD3B33C28B15182006E296A /* CollectionLayoutApp3Tests.swift in Sources */ = {isa = PBXBuildFile; fileRef = 9CD3B33B28B15182006E296A /* CollectionLayoutApp3Tests.swift */; };
		9CD3B34628B15182006E296A /* CollectionLayoutApp3UITests.swift in Sources */ = {isa = PBXBuildFile; fileRef = 9CD3B34528B15182006E296A /* CollectionLayoutApp3UITests.swift */; };
		9CD3B34828B15182006E296A /* CollectionLayoutApp3UITestsLaunchTests.swift in Sources */ = {isa = PBXBuildFile; fileRef = 9CD3B34728B15182006E296A /* CollectionLayoutApp3UITestsLaunchTests.swift */; };
		9CD3B35728B152C2006E296A /* HomeViewController.swift in Sources */ = {isa = PBXBuildFile; fileRef = 9CD3B35628B152C2006E296A /* HomeViewController.swift */; };
		9CD3B35A28B152E7006E296A /* HomeView.swift in Sources */ = {isa = PBXBuildFile; fileRef = 9CD3B35928B152E7006E296A /* HomeView.swift */; };
		9CD3B35C28B15890006E296A /* HomeViewController+Extensions.swift in Sources */ = {isa = PBXBuildFile; fileRef = 9CD3B35B28B15890006E296A /* HomeViewController+Extensions.swift */; };
		9CD3B35F28B15E8B006E296A /* CustomCell.swift in Sources */ = {isa = PBXBuildFile; fileRef = 9CD3B35E28B15E8B006E296A /* CustomCell.swift */; };
		9CD3B36228B162C0006E296A /* CustomHeader.swift in Sources */ = {isa = PBXBuildFile; fileRef = 9CD3B36128B162C0006E296A /* CustomHeader.swift */; };
/* End PBXBuildFile section */

/* Begin PBXContainerItemProxy section */
		9CD3B33828B15182006E296A /* PBXContainerItemProxy */ = {
			isa = PBXContainerItemProxy;
			containerPortal = 9CD3B31928B1517F006E296A /* Project object */;
			proxyType = 1;
			remoteGlobalIDString = 9CD3B32028B1517F006E296A;
			remoteInfo = CollectionLayoutApp3;
		};
		9CD3B34228B15182006E296A /* PBXContainerItemProxy */ = {
			isa = PBXContainerItemProxy;
			containerPortal = 9CD3B31928B1517F006E296A /* Project object */;
			proxyType = 1;
			remoteGlobalIDString = 9CD3B32028B1517F006E296A;
			remoteInfo = CollectionLayoutApp3;
		};
/* End PBXContainerItemProxy section */

/* Begin PBXFileReference section */
		9CD3B32128B1517F006E296A /* CollectionLayoutApp3.app */ = {isa = PBXFileReference; explicitFileType = wrapper.application; includeInIndex = 0; path = CollectionLayoutApp3.app; sourceTree = BUILT_PRODUCTS_DIR; };
		9CD3B32428B1517F006E296A /* AppDelegate.swift */ = {isa = PBXFileReference; lastKnownFileType = sourcecode.swift; path = AppDelegate.swift; sourceTree = "<group>"; };
		9CD3B32628B1517F006E296A /* SceneDelegate.swift */ = {isa = PBXFileReference; lastKnownFileType = sourcecode.swift; path = SceneDelegate.swift; sourceTree = "<group>"; };
		9CD3B32D28B15182006E296A /* Assets.xcassets */ = {isa = PBXFileReference; lastKnownFileType = folder.assetcatalog; path = Assets.xcassets; sourceTree = "<group>"; };
		9CD3B33028B15182006E296A /* Base */ = {isa = PBXFileReference; lastKnownFileType = file.storyboard; name = Base; path = Base.lproj/LaunchScreen.storyboard; sourceTree = "<group>"; };
		9CD3B33228B15182006E296A /* Info.plist */ = {isa = PBXFileReference; lastKnownFileType = text.plist.xml; path = Info.plist; sourceTree = "<group>"; };
		9CD3B33728B15182006E296A /* CollectionLayoutApp3Tests.xctest */ = {isa = PBXFileReference; explicitFileType = wrapper.cfbundle; includeInIndex = 0; path = CollectionLayoutApp3Tests.xctest; sourceTree = BUILT_PRODUCTS_DIR; };
		9CD3B33B28B15182006E296A /* CollectionLayoutApp3Tests.swift */ = {isa = PBXFileReference; lastKnownFileType = sourcecode.swift; path = CollectionLayoutApp3Tests.swift; sourceTree = "<group>"; };
		9CD3B34128B15182006E296A /* CollectionLayoutApp3UITests.xctest */ = {isa = PBXFileReference; explicitFileType = wrapper.cfbundle; includeInIndex = 0; path = CollectionLayoutApp3UITests.xctest; sourceTree = BUILT_PRODUCTS_DIR; };
		9CD3B34528B15182006E296A /* CollectionLayoutApp3UITests.swift */ = {isa = PBXFileReference; lastKnownFileType = sourcecode.swift; path = CollectionLayoutApp3UITests.swift; sourceTree = "<group>"; };
		9CD3B34728B15182006E296A /* CollectionLayoutApp3UITestsLaunchTests.swift */ = {isa = PBXFileReference; lastKnownFileType = sourcecode.swift; path = CollectionLayoutApp3UITestsLaunchTests.swift; sourceTree = "<group>"; };
		9CD3B35628B152C2006E296A /* HomeViewController.swift */ = {isa = PBXFileReference; lastKnownFileType = sourcecode.swift; path = HomeViewController.swift; sourceTree = "<group>"; };
		9CD3B35928B152E7006E296A /* HomeView.swift */ = {isa = PBXFileReference; lastKnownFileType = sourcecode.swift; path = HomeView.swift; sourceTree = "<group>"; };
		9CD3B35B28B15890006E296A /* HomeViewController+Extensions.swift */ = {isa = PBXFileReference; lastKnownFileType = sourcecode.swift; path = "HomeViewController+Extensions.swift"; sourceTree = "<group>"; };
		9CD3B35E28B15E8B006E296A /* CustomCell.swift */ = {isa = PBXFileReference; lastKnownFileType = sourcecode.swift; path = CustomCell.swift; sourceTree = "<group>"; };
		9CD3B36128B162C0006E296A /* CustomHeader.swift */ = {isa = PBXFileReference; lastKnownFileType = sourcecode.swift; path = CustomHeader.swift; sourceTree = "<group>"; };
/* End PBXFileReference section */

/* Begin PBXFrameworksBuildPhase section */
		9CD3B31E28B1517F006E296A /* Frameworks */ = {
			isa = PBXFrameworksBuildPhase;
			buildActionMask = 2147483647;
			files = (
			);
			runOnlyForDeploymentPostprocessing = 0;
		};
		9CD3B33428B15182006E296A /* Frameworks */ = {
			isa = PBXFrameworksBuildPhase;
			buildActionMask = 2147483647;
			files = (
			);
			runOnlyForDeploymentPostprocessing = 0;
		};
		9CD3B33E28B15182006E296A /* Frameworks */ = {
			isa = PBXFrameworksBuildPhase;
			buildActionMask = 2147483647;
			files = (
			);
			runOnlyForDeploymentPostprocessing = 0;
		};
/* End PBXFrameworksBuildPhase section */

/* Begin PBXGroup section */
		9CD3B31828B1517F006E296A = {
			isa = PBXGroup;
			children = (
				9CD3B32328B1517F006E296A /* CollectionLayoutApp3 */,
				9CD3B33A28B15182006E296A /* CollectionLayoutApp3Tests */,
				9CD3B34428B15182006E296A /* CollectionLayoutApp3UITests */,
				9CD3B32228B1517F006E296A /* Products */,
			);
			sourceTree = "<group>";
		};
		9CD3B32228B1517F006E296A /* Products */ = {
			isa = PBXGroup;
			children = (
				9CD3B32128B1517F006E296A /* CollectionLayoutApp3.app */,
				9CD3B33728B15182006E296A /* CollectionLayoutApp3Tests.xctest */,
				9CD3B34128B15182006E296A /* CollectionLayoutApp3UITests.xctest */,
			);
			name = Products;
			sourceTree = "<group>";
		};
		9CD3B32328B1517F006E296A /* CollectionLayoutApp3 */ = {
			isa = PBXGroup;
			children = (
				9CD3B35528B152B6006E296A /* Home */,
				9CD3B35428B1519C006E296A /* Resources */,
				9CD3B32428B1517F006E296A /* AppDelegate.swift */,
				9CD3B32628B1517F006E296A /* SceneDelegate.swift */,
				9CD3B33228B15182006E296A /* Info.plist */,
			);
			path = CollectionLayoutApp3;
			sourceTree = "<group>";
		};
		9CD3B33A28B15182006E296A /* CollectionLayoutApp3Tests */ = {
			isa = PBXGroup;
			children = (
				9CD3B33B28B15182006E296A /* CollectionLayoutApp3Tests.swift */,
			);
			path = CollectionLayoutApp3Tests;
			sourceTree = "<group>";
		};
		9CD3B34428B15182006E296A /* CollectionLayoutApp3UITests */ = {
			isa = PBXGroup;
			children = (
				9CD3B34528B15182006E296A /* CollectionLayoutApp3UITests.swift */,
				9CD3B34728B15182006E296A /* CollectionLayoutApp3UITestsLaunchTests.swift */,
			);
			path = CollectionLayoutApp3UITests;
			sourceTree = "<group>";
		};
		9CD3B35428B1519C006E296A /* Resources */ = {
			isa = PBXGroup;
			children = (
				9CD3B32D28B15182006E296A /* Assets.xcassets */,
				9CD3B32F28B15182006E296A /* LaunchScreen.storyboard */,
			);
			path = Resources;
			sourceTree = "<group>";
		};
		9CD3B35528B152B6006E296A /* Home */ = {
			isa = PBXGroup;
			children = (
				9CD3B36028B162B5006E296A /* CustomHeader */,
				9CD3B35D28B15E7A006E296A /* CustomCell */,
				9CD3B35628B152C2006E296A /* HomeViewController.swift */,
				9CD3B35928B152E7006E296A /* HomeView.swift */,
				9CD3B35B28B15890006E296A /* HomeViewController+Extensions.swift */,
			);
			path = Home;
			sourceTree = "<group>";
		};
		9CD3B35D28B15E7A006E296A /* CustomCell */ = {
			isa = PBXGroup;
			children = (
				9CD3B35E28B15E8B006E296A /* CustomCell.swift */,
			);
			path = CustomCell;
			sourceTree = "<group>";
		};
		9CD3B36028B162B5006E296A /* CustomHeader */ = {
			isa = PBXGroup;
			children = (
				9CD3B36128B162C0006E296A /* CustomHeader.swift */,
			);
			path = CustomHeader;
			sourceTree = "<group>";
		};
/* End PBXGroup section */

/* Begin PBXNativeTarget section */
		9CD3B32028B1517F006E296A /* CollectionLayoutApp3 */ = {
			isa = PBXNativeTarget;
			buildConfigurationList = 9CD3B34B28B15182006E296A /* Build configuration list for PBXNativeTarget "CollectionLayoutApp3" */;
			buildPhases = (
				9CD3B31D28B1517F006E296A /* Sources */,
				9CD3B31E28B1517F006E296A /* Frameworks */,
				9CD3B31F28B1517F006E296A /* Resources */,
			);
			buildRules = (
			);
			dependencies = (
			);
			name = CollectionLayoutApp3;
			productName = CollectionLayoutApp3;
			productReference = 9CD3B32128B1517F006E296A /* CollectionLayoutApp3.app */;
			productType = "com.apple.product-type.application";
		};
		9CD3B33628B15182006E296A /* CollectionLayoutApp3Tests */ = {
			isa = PBXNativeTarget;
			buildConfigurationList = 9CD3B34E28B15182006E296A /* Build configuration list for PBXNativeTarget "CollectionLayoutApp3Tests" */;
			buildPhases = (
				9CD3B33328B15182006E296A /* Sources */,
				9CD3B33428B15182006E296A /* Frameworks */,
				9CD3B33528B15182006E296A /* Resources */,
			);
			buildRules = (
			);
			dependencies = (
				9CD3B33928B15182006E296A /* PBXTargetDependency */,
			);
			name = CollectionLayoutApp3Tests;
			productName = CollectionLayoutApp3Tests;
			productReference = 9CD3B33728B15182006E296A /* CollectionLayoutApp3Tests.xctest */;
			productType = "com.apple.product-type.bundle.unit-test";
		};
		9CD3B34028B15182006E296A /* CollectionLayoutApp3UITests */ = {
			isa = PBXNativeTarget;
			buildConfigurationList = 9CD3B35128B15182006E296A /* Build configuration list for PBXNativeTarget "CollectionLayoutApp3UITests" */;
			buildPhases = (
				9CD3B33D28B15182006E296A /* Sources */,
				9CD3B33E28B15182006E296A /* Frameworks */,
				9CD3B33F28B15182006E296A /* Resources */,
			);
			buildRules = (
			);
			dependencies = (
				9CD3B34328B15182006E296A /* PBXTargetDependency */,
			);
			name = CollectionLayoutApp3UITests;
			productName = CollectionLayoutApp3UITests;
			productReference = 9CD3B34128B15182006E296A /* CollectionLayoutApp3UITests.xctest */;
			productType = "com.apple.product-type.bundle.ui-testing";
		};
/* End PBXNativeTarget section */

/* Begin PBXProject section */
		9CD3B31928B1517F006E296A /* Project object */ = {
			isa = PBXProject;
			attributes = {
				BuildIndependentTargetsInParallel = 1;
				LastSwiftUpdateCheck = 1330;
				LastUpgradeCheck = 1330;
				TargetAttributes = {
					9CD3B32028B1517F006E296A = {
						CreatedOnToolsVersion = 13.3.1;
					};
					9CD3B33628B15182006E296A = {
						CreatedOnToolsVersion = 13.3.1;
						TestTargetID = 9CD3B32028B1517F006E296A;
					};
					9CD3B34028B15182006E296A = {
						CreatedOnToolsVersion = 13.3.1;
						TestTargetID = 9CD3B32028B1517F006E296A;
					};
				};
			};
			buildConfigurationList = 9CD3B31C28B1517F006E296A /* Build configuration list for PBXProject "CollectionLayoutApp3" */;
			compatibilityVersion = "Xcode 13.0";
			developmentRegion = en;
			hasScannedForEncodings = 0;
			knownRegions = (
				en,
				Base,
			);
			mainGroup = 9CD3B31828B1517F006E296A;
			productRefGroup = 9CD3B32228B1517F006E296A /* Products */;
			projectDirPath = "";
			projectRoot = "";
			targets = (
				9CD3B32028B1517F006E296A /* CollectionLayoutApp3 */,
				9CD3B33628B15182006E296A /* CollectionLayoutApp3Tests */,
				9CD3B34028B15182006E296A /* CollectionLayoutApp3UITests */,
			);
		};
/* End PBXProject section */

/* Begin PBXResourcesBuildPhase section */
		9CD3B31F28B1517F006E296A /* Resources */ = {
			isa = PBXResourcesBuildPhase;
			buildActionMask = 2147483647;
			files = (
				9CD3B33128B15182006E296A /* LaunchScreen.storyboard in Resources */,
				9CD3B32E28B15182006E296A /* Assets.xcassets in Resources */,
			);
			runOnlyForDeploymentPostprocessing = 0;
		};
		9CD3B33528B15182006E296A /* Resources */ = {
			isa = PBXResourcesBuildPhase;
			buildActionMask = 2147483647;
			files = (
			);
			runOnlyForDeploymentPostprocessing = 0;
		};
		9CD3B33F28B15182006E296A /* Resources */ = {
			isa = PBXResourcesBuildPhase;
			buildActionMask = 2147483647;
			files = (
			);
			runOnlyForDeploymentPostprocessing = 0;
		};
/* End PBXResourcesBuildPhase section */

/* Begin PBXSourcesBuildPhase section */
		9CD3B31D28B1517F006E296A /* Sources */ = {
			isa = PBXSourcesBuildPhase;
			buildActionMask = 2147483647;
			files = (
				9CD3B32528B1517F006E296A /* AppDelegate.swift in Sources */,
				9CD3B36228B162C0006E296A /* CustomHeader.swift in Sources */,
				9CD3B35A28B152E7006E296A /* HomeView.swift in Sources */,
				9CD3B35C28B15890006E296A /* HomeViewController+Extensions.swift in Sources */,
				9CD3B32728B1517F006E296A /* SceneDelegate.swift in Sources */,
				9CD3B35F28B15E8B006E296A /* CustomCell.swift in Sources */,
				9CD3B35728B152C2006E296A /* HomeViewController.swift in Sources */,
			);
			runOnlyForDeploymentPostprocessing = 0;
		};
		9CD3B33328B15182006E296A /* Sources */ = {
			isa = PBXSourcesBuildPhase;
			buildActionMask = 2147483647;
			files = (
				9CD3B33C28B15182006E296A /* CollectionLayoutApp3Tests.swift in Sources */,
			);
			runOnlyForDeploymentPostprocessing = 0;
		};
		9CD3B33D28B15182006E296A /* Sources */ = {
			isa = PBXSourcesBuildPhase;
			buildActionMask = 2147483647;
			files = (
				9CD3B34828B15182006E296A /* CollectionLayoutApp3UITestsLaunchTests.swift in Sources */,
				9CD3B34628B15182006E296A /* CollectionLayoutApp3UITests.swift in Sources */,
			);
			runOnlyForDeploymentPostprocessing = 0;
		};
/* End PBXSourcesBuildPhase section */

/* Begin PBXTargetDependency section */
		9CD3B33928B15182006E296A /* PBXTargetDependency */ = {
			isa = PBXTargetDependency;
			target = 9CD3B32028B1517F006E296A /* CollectionLayoutApp3 */;
			targetProxy = 9CD3B33828B15182006E296A /* PBXContainerItemProxy */;
		};
		9CD3B34328B15182006E296A /* PBXTargetDependency */ = {
			isa = PBXTargetDependency;
			target = 9CD3B32028B1517F006E296A /* CollectionLayoutApp3 */;
			targetProxy = 9CD3B34228B15182006E296A /* PBXContainerItemProxy */;
		};
/* End PBXTargetDependency section */

/* Begin PBXVariantGroup section */
		9CD3B32F28B15182006E296A /* LaunchScreen.storyboard */ = {
			isa = PBXVariantGroup;
			children = (
				9CD3B33028B15182006E296A /* Base */,
			);
			name = LaunchScreen.storyboard;
			sourceTree = "<group>";
		};
/* End PBXVariantGroup section */

/* Begin XCBuildConfiguration section */
		9CD3B34928B15182006E296A /* Debug */ = {
			isa = XCBuildConfiguration;
			buildSettings = {
				ALWAYS_SEARCH_USER_PATHS = NO;
				CLANG_ANALYZER_NONNULL = YES;
				CLANG_ANALYZER_NUMBER_OBJECT_CONVERSION = YES_AGGRESSIVE;
				CLANG_CXX_LANGUAGE_STANDARD = "gnu++17";
				CLANG_ENABLE_MODULES = YES;
				CLANG_ENABLE_OBJC_ARC = YES;
				CLANG_ENABLE_OBJC_WEAK = YES;
				CLANG_WARN_BLOCK_CAPTURE_AUTORELEASING = YES;
				CLANG_WARN_BOOL_CONVERSION = YES;
				CLANG_WARN_COMMA = YES;
				CLANG_WARN_CONSTANT_CONVERSION = YES;
				CLANG_WARN_DEPRECATED_OBJC_IMPLEMENTATIONS = YES;
				CLANG_WARN_DIRECT_OBJC_ISA_USAGE = YES_ERROR;
				CLANG_WARN_DOCUMENTATION_COMMENTS = YES;
				CLANG_WARN_EMPTY_BODY = YES;
				CLANG_WARN_ENUM_CONVERSION = YES;
				CLANG_WARN_INFINITE_RECURSION = YES;
				CLANG_WARN_INT_CONVERSION = YES;
				CLANG_WARN_NON_LITERAL_NULL_CONVERSION = YES;
				CLANG_WARN_OBJC_IMPLICIT_RETAIN_SELF = YES;
				CLANG_WARN_OBJC_LITERAL_CONVERSION = YES;
				CLANG_WARN_OBJC_ROOT_CLASS = YES_ERROR;
				CLANG_WARN_QUOTED_INCLUDE_IN_FRAMEWORK_HEADER = YES;
				CLANG_WARN_RANGE_LOOP_ANALYSIS = YES;
				CLANG_WARN_STRICT_PROTOTYPES = YES;
				CLANG_WARN_SUSPICIOUS_MOVE = YES;
				CLANG_WARN_UNGUARDED_AVAILABILITY = YES_AGGRESSIVE;
				CLANG_WARN_UNREACHABLE_CODE = YES;
				CLANG_WARN__DUPLICATE_METHOD_MATCH = YES;
				COPY_PHASE_STRIP = NO;
				DEBUG_INFORMATION_FORMAT = dwarf;
				ENABLE_STRICT_OBJC_MSGSEND = YES;
				ENABLE_TESTABILITY = YES;
				GCC_C_LANGUAGE_STANDARD = gnu11;
				GCC_DYNAMIC_NO_PIC = NO;
				GCC_NO_COMMON_BLOCKS = YES;
				GCC_OPTIMIZATION_LEVEL = 0;
				GCC_PREPROCESSOR_DEFINITIONS = (
					"DEBUG=1",
					"$(inherited)",
				);
				GCC_WARN_64_TO_32_BIT_CONVERSION = YES;
				GCC_WARN_ABOUT_RETURN_TYPE = YES_ERROR;
				GCC_WARN_UNDECLARED_SELECTOR = YES;
				GCC_WARN_UNINITIALIZED_AUTOS = YES_AGGRESSIVE;
				GCC_WARN_UNUSED_FUNCTION = YES;
				GCC_WARN_UNUSED_VARIABLE = YES;
				IPHONEOS_DEPLOYMENT_TARGET = 15.4;
				MTL_ENABLE_DEBUG_INFO = INCLUDE_SOURCE;
				MTL_FAST_MATH = YES;
				ONLY_ACTIVE_ARCH = YES;
				SDKROOT = iphoneos;
				SWIFT_ACTIVE_COMPILATION_CONDITIONS = DEBUG;
				SWIFT_OPTIMIZATION_LEVEL = "-Onone";
			};
			name = Debug;
		};
		9CD3B34A28B15182006E296A /* Release */ = {
			isa = XCBuildConfiguration;
			buildSettings = {
				ALWAYS_SEARCH_USER_PATHS = NO;
				CLANG_ANALYZER_NONNULL = YES;
				CLANG_ANALYZER_NUMBER_OBJECT_CONVERSION = YES_AGGRESSIVE;
				CLANG_CXX_LANGUAGE_STANDARD = "gnu++17";
				CLANG_ENABLE_MODULES = YES;
				CLANG_ENABLE_OBJC_ARC = YES;
				CLANG_ENABLE_OBJC_WEAK = YES;
				CLANG_WARN_BLOCK_CAPTURE_AUTORELEASING = YES;
				CLANG_WARN_BOOL_CONVERSION = YES;
				CLANG_WARN_COMMA = YES;
				CLANG_WARN_CONSTANT_CONVERSION = YES;
				CLANG_WARN_DEPRECATED_OBJC_IMPLEMENTATIONS = YES;
				CLANG_WARN_DIRECT_OBJC_ISA_USAGE = YES_ERROR;
				CLANG_WARN_DOCUMENTATION_COMMENTS = YES;
				CLANG_WARN_EMPTY_BODY = YES;
				CLANG_WARN_ENUM_CONVERSION = YES;
				CLANG_WARN_INFINITE_RECURSION = YES;
				CLANG_WARN_INT_CONVERSION = YES;
				CLANG_WARN_NON_LITERAL_NULL_CONVERSION = YES;
				CLANG_WARN_OBJC_IMPLICIT_RETAIN_SELF = YES;
				CLANG_WARN_OBJC_LITERAL_CONVERSION = YES;
				CLANG_WARN_OBJC_ROOT_CLASS = YES_ERROR;
				CLANG_WARN_QUOTED_INCLUDE_IN_FRAMEWORK_HEADER = YES;
				CLANG_WARN_RANGE_LOOP_ANALYSIS = YES;
				CLANG_WARN_STRICT_PROTOTYPES = YES;
				CLANG_WARN_SUSPICIOUS_MOVE = YES;
				CLANG_WARN_UNGUARDED_AVAILABILITY = YES_AGGRESSIVE;
				CLANG_WARN_UNREACHABLE_CODE = YES;
				CLANG_WARN__DUPLICATE_METHOD_MATCH = YES;
				COPY_PHASE_STRIP = NO;
				DEBUG_INFORMATION_FORMAT = "dwarf-with-dsym";
				ENABLE_NS_ASSERTIONS = NO;
				ENABLE_STRICT_OBJC_MSGSEND = YES;
				GCC_C_LANGUAGE_STANDARD = gnu11;
				GCC_NO_COMMON_BLOCKS = YES;
				GCC_WARN_64_TO_32_BIT_CONVERSION = YES;
				GCC_WARN_ABOUT_RETURN_TYPE = YES_ERROR;
				GCC_WARN_UNDECLARED_SELECTOR = YES;
				GCC_WARN_UNINITIALIZED_AUTOS = YES_AGGRESSIVE;
				GCC_WARN_UNUSED_FUNCTION = YES;
				GCC_WARN_UNUSED_VARIABLE = YES;
				IPHONEOS_DEPLOYMENT_TARGET = 15.4;
				MTL_ENABLE_DEBUG_INFO = NO;
				MTL_FAST_MATH = YES;
				SDKROOT = iphoneos;
				SWIFT_COMPILATION_MODE = wholemodule;
				SWIFT_OPTIMIZATION_LEVEL = "-O";
				VALIDATE_PRODUCT = YES;
			};
			name = Release;
		};
		9CD3B34C28B15182006E296A /* Debug */ = {
			isa = XCBuildConfiguration;
			buildSettings = {
				ASSETCATALOG_COMPILER_APPICON_NAME = AppIcon;
				ASSETCATALOG_COMPILER_GLOBAL_ACCENT_COLOR_NAME = AccentColor;
				CODE_SIGN_STYLE = Automatic;
				CURRENT_PROJECT_VERSION = 1;
				GENERATE_INFOPLIST_FILE = YES;
				INFOPLIST_FILE = CollectionLayoutApp3/Info.plist;
				INFOPLIST_KEY_UIApplicationSupportsIndirectInputEvents = YES;
				INFOPLIST_KEY_UILaunchStoryboardName = LaunchScreen;
				INFOPLIST_KEY_UISupportedInterfaceOrientations_iPad = "UIInterfaceOrientationPortrait UIInterfaceOrientationPortraitUpsideDown UIInterfaceOrientationLandscapeLeft UIInterfaceOrientationLandscapeRight";
				INFOPLIST_KEY_UISupportedInterfaceOrientations_iPhone = "UIInterfaceOrientationPortrait UIInterfaceOrientationLandscapeLeft UIInterfaceOrientationLandscapeRight";
				LD_RUNPATH_SEARCH_PATHS = (
					"$(inherited)",
					"@executable_path/Frameworks",
				);
				MARKETING_VERSION = 1.0;
				PRODUCT_BUNDLE_IDENTIFIER = com.study.ios.CollectionLayoutApp3;
				PRODUCT_NAME = "$(TARGET_NAME)";
				SWIFT_EMIT_LOC_STRINGS = YES;
				SWIFT_VERSION = 5.0;
				TARGETED_DEVICE_FAMILY = "1,2";
			};
			name = Debug;
		};
		9CD3B34D28B15182006E296A /* Release */ = {
			isa = XCBuildConfiguration;
			buildSettings = {
				ASSETCATALOG_COMPILER_APPICON_NAME = AppIcon;
				ASSETCATALOG_COMPILER_GLOBAL_ACCENT_COLOR_NAME = AccentColor;
				CODE_SIGN_STYLE = Automatic;
				CURRENT_PROJECT_VERSION = 1;
				GENERATE_INFOPLIST_FILE = YES;
				INFOPLIST_FILE = CollectionLayoutApp3/Info.plist;
				INFOPLIST_KEY_UIApplicationSupportsIndirectInputEvents = YES;
				INFOPLIST_KEY_UILaunchStoryboardName = LaunchScreen;
				INFOPLIST_KEY_UISupportedInterfaceOrientations_iPad = "UIInterfaceOrientationPortrait UIInterfaceOrientationPortraitUpsideDown UIInterfaceOrientationLandscapeLeft UIInterfaceOrientationLandscapeRight";
				INFOPLIST_KEY_UISupportedInterfaceOrientations_iPhone = "UIInterfaceOrientationPortrait UIInterfaceOrientationLandscapeLeft UIInterfaceOrientationLandscapeRight";
				LD_RUNPATH_SEARCH_PATHS = (
					"$(inherited)",
					"@executable_path/Frameworks",
				);
				MARKETING_VERSION = 1.0;
				PRODUCT_BUNDLE_IDENTIFIER = com.study.ios.CollectionLayoutApp3;
				PRODUCT_NAME = "$(TARGET_NAME)";
				SWIFT_EMIT_LOC_STRINGS = YES;
				SWIFT_VERSION = 5.0;
				TARGETED_DEVICE_FAMILY = "1,2";
			};
			name = Release;
		};
		9CD3B34F28B15182006E296A /* Debug */ = {
			isa = XCBuildConfiguration;
			buildSettings = {
				ALWAYS_EMBED_SWIFT_STANDARD_LIBRARIES = YES;
				BUNDLE_LOADER = "$(TEST_HOST)";
				CODE_SIGN_STYLE = Automatic;
				CURRENT_PROJECT_VERSION = 1;
				GENERATE_INFOPLIST_FILE = YES;
				IPHONEOS_DEPLOYMENT_TARGET = 15.4;
				MARKETING_VERSION = 1.0;
				PRODUCT_BUNDLE_IDENTIFIER = com.study.ios.CollectionLayoutApp3Tests;
				PRODUCT_NAME = "$(TARGET_NAME)";
				SWIFT_EMIT_LOC_STRINGS = NO;
				SWIFT_VERSION = 5.0;
				TARGETED_DEVICE_FAMILY = "1,2";
				TEST_HOST = "$(BUILT_PRODUCTS_DIR)/CollectionLayoutApp3.app/CollectionLayoutApp3";
			};
			name = Debug;
		};
		9CD3B35028B15182006E296A /* Release */ = {
			isa = XCBuildConfiguration;
			buildSettings = {
				ALWAYS_EMBED_SWIFT_STANDARD_LIBRARIES = YES;
				BUNDLE_LOADER = "$(TEST_HOST)";
				CODE_SIGN_STYLE = Automatic;
				CURRENT_PROJECT_VERSION = 1;
				GENERATE_INFOPLIST_FILE = YES;
				IPHONEOS_DEPLOYMENT_TARGET = 15.4;
				MARKETING_VERSION = 1.0;
				PRODUCT_BUNDLE_IDENTIFIER = com.study.ios.CollectionLayoutApp3Tests;
				PRODUCT_NAME = "$(TARGET_NAME)";
				SWIFT_EMIT_LOC_STRINGS = NO;
				SWIFT_VERSION = 5.0;
				TARGETED_DEVICE_FAMILY = "1,2";
				TEST_HOST = "$(BUILT_PRODUCTS_DIR)/CollectionLayoutApp3.app/CollectionLayoutApp3";
			};
			name = Release;
		};
		9CD3B35228B15182006E296A /* Debug */ = {
			isa = XCBuildConfiguration;
			buildSettings = {
				ALWAYS_EMBED_SWIFT_STANDARD_LIBRARIES = YES;
				CODE_SIGN_STYLE = Automatic;
				CURRENT_PROJECT_VERSION = 1;
				GENERATE_INFOPLIST_FILE = YES;
				MARKETING_VERSION = 1.0;
				PRODUCT_BUNDLE_IDENTIFIER = com.study.ios.CollectionLayoutApp3UITests;
				PRODUCT_NAME = "$(TARGET_NAME)";
				SWIFT_EMIT_LOC_STRINGS = NO;
				SWIFT_VERSION = 5.0;
				TARGETED_DEVICE_FAMILY = "1,2";
				TEST_TARGET_NAME = CollectionLayoutApp3;
			};
			name = Debug;
		};
		9CD3B35328B15182006E296A /* Release */ = {
			isa = XCBuildConfiguration;
			buildSettings = {
				ALWAYS_EMBED_SWIFT_STANDARD_LIBRARIES = YES;
				CODE_SIGN_STYLE = Automatic;
				CURRENT_PROJECT_VERSION = 1;
				GENERATE_INFOPLIST_FILE = YES;
				MARKETING_VERSION = 1.0;
				PRODUCT_BUNDLE_IDENTIFIER = com.study.ios.CollectionLayoutApp3UITests;
				PRODUCT_NAME = "$(TARGET_NAME)";
				SWIFT_EMIT_LOC_STRINGS = NO;
				SWIFT_VERSION = 5.0;
				TARGETED_DEVICE_FAMILY = "1,2";
				TEST_TARGET_NAME = CollectionLayoutApp3;
			};
			name = Release;
		};
/* End XCBuildConfiguration section */

/* Begin XCConfigurationList section */
		9CD3B31C28B1517F006E296A /* Build configuration list for PBXProject "CollectionLayoutApp3" */ = {
			isa = XCConfigurationList;
			buildConfigurations = (
				9CD3B34928B15182006E296A /* Debug */,
				9CD3B34A28B15182006E296A /* Release */,
			);
			defaultConfigurationIsVisible = 0;
			defaultConfigurationName = Release;
		};
		9CD3B34B28B15182006E296A /* Build configuration list for PBXNativeTarget "CollectionLayoutApp3" */ = {
			isa = XCConfigurationList;
			buildConfigurations = (
				9CD3B34C28B15182006E296A /* Debug */,
				9CD3B34D28B15182006E296A /* Release */,
			);
			defaultConfigurationIsVisible = 0;
			defaultConfigurationName = Release;
		};
		9CD3B34E28B15182006E296A /* Build configuration list for PBXNativeTarget "CollectionLayoutApp3Tests" */ = {
			isa = XCConfigurationList;
			buildConfigurations = (
				9CD3B34F28B15182006E296A /* Debug */,
				9CD3B35028B15182006E296A /* Release */,
			);
			defaultConfigurationIsVisible = 0;
			defaultConfigurationName = Release;
		};
		9CD3B35128B15182006E296A /* Build configuration list for PBXNativeTarget "CollectionLayoutApp3UITests" */ = {
			isa = XCConfigurationList;
			buildConfigurations = (
				9CD3B35228B15182006E296A /* Debug */,
				9CD3B35328B15182006E296A /* Release */,
			);
			defaultConfigurationIsVisible = 0;
			defaultConfigurationName = Release;
		};
/* End XCConfigurationList section */
	};
	rootObject = 9CD3B31928B1517F006E296A /* Project object */;
}
